
Microsoft Visual Studio Solution File, Format Version 12.00
# Visual Studio Version 17
VisualStudioVersion = 17.4.33205.214
MinimumVisualStudioVersion = 10.0.40219.1
Project("{FAE04EC0-301F-11D3-BF4B-00C04F79EFBC}") = "PBKDF2_hashing", "PBKDF2_hashing.csproj", "{95DB44B0-47CA-4848-BA39-D0BF7B366392}"
EndProject
Global
	GlobalSection(SolutionConfigurationPlatforms) = preSolution
		Debug|Any CPU = Debug|Any CPU
		Release|Any CPU = Release|Any CPU
	EndGlobalSection
	GlobalSection(ProjectConfigurationPlatforms) = postSolution
		{95DB44B0-47CA-4848-BA39-D0BF7B366392}.Debug|Any CPU.ActiveCfg = Debug|Any CPU
		{95DB44B0-47CA-4848-BA39-D0BF7B366392}.Debug|Any CPU.Build.0 = Debug|Any CPU
		{95DB44B0-47CA-4848-BA39-D0BF7B366392}.Release|Any CPU.ActiveCfg = Release|Any CPU
		{95DB44B0-47CA-4848-BA39-D0BF7B366392}.Release|Any CPU.Build.0 = Release|Any CPU
	EndGlobalSection
	GlobalSection(SolutionProperties) = preSolution
		HideSolutionNode = FALSE
	EndGlobalSection
	GlobalSection(ExtensibilityGlobals) = postSolution
		SolutionGuid = {8E715CA6-C6E5-4440-BF8E-EE8386D65A4A}
	EndGlobalSection
EndGlobal
